// !$*UTF8*$!
{
	archiveVersion = 1;
	classes = {
	};
	objectVersion = 50;
	objects = {

/* Begin PBXBuildFile section */
		464C9F9B2183EC9200EA67C6 /* AppDelegate.swift in Sources */ = {isa = PBXBuildFile; fileRef = 464C9F9A2183EC9200EA67C6 /* AppDelegate.swift */; };
		464C9F9D2183EC9200EA67C6 /* ViewController.swift in Sources */ = {isa = PBXBuildFile; fileRef = 464C9F9C2183EC9200EA67C6 /* ViewController.swift */; };
		464C9FA02183EC9200EA67C6 /* Main.storyboard in Resources */ = {isa = PBXBuildFile; fileRef = 464C9F9E2183EC9200EA67C6 /* Main.storyboard */; };
		464C9FA22183EC9400EA67C6 /* Assets.xcassets in Resources */ = {isa = PBXBuildFile; fileRef = 464C9FA12183EC9400EA67C6 /* Assets.xcassets */; };
		464C9FA52183EC9400EA67C6 /* LaunchScreen.storyboard in Resources */ = {isa = PBXBuildFile; fileRef = 464C9FA32183EC9400EA67C6 /* LaunchScreen.storyboard */; };
		464C9FB02183EC9400EA67C6 /* FlashcardsTests.swift in Sources */ = {isa = PBXBuildFile; fileRef = 464C9FAF2183EC9400EA67C6 /* FlashcardsTests.swift */; };
		464C9FBB2183EC9400EA67C6 /* FlashcardsUITests.swift in Sources */ = {isa = PBXBuildFile; fileRef = 464C9FBA2183EC9400EA67C6 /* FlashcardsUITests.swift */; };
/* End PBXBuildFile section */

/* Begin PBXContainerItemProxy section */
		464C9FAC2183EC9400EA67C6 /* PBXContainerItemProxy */ = {
			isa = PBXContainerItemProxy;
			containerPortal = 464C9F8F2183EC9200EA67C6 /* Project object */;
			proxyType = 1;
			remoteGlobalIDString = 464C9F962183EC9200EA67C6;
			remoteInfo = Flashcards;
		};
		464C9FB72183EC9400EA67C6 /* PBXContainerItemProxy */ = {
			isa = PBXContainerItemProxy;
			containerPortal = 464C9F8F2183EC9200EA67C6 /* Project object */;
			proxyType = 1;
			remoteGlobalIDString = 464C9F962183EC9200EA67C6;
			remoteInfo = Flashcards;
		};
/* End PBXContainerItemProxy section */

/* Begin PBXFileReference section */
		464C9F972183EC9200EA67C6 /* Flashcards.app */ = {isa = PBXFileReference; explicitFileType = wrapper.application; includeInIndex = 0; path = Flashcards.app; sourceTree = BUILT_PRODUCTS_DIR; };
		464C9F9A2183EC9200EA67C6 /* AppDelegate.swift */ = {isa = PBXFileReference; lastKnownFileType = sourcecode.swift; path = AppDelegate.swift; sourceTree = "<group>"; };
		464C9F9C2183EC9200EA67C6 /* ViewController.swift */ = {isa = PBXFileReference; lastKnownFileType = sourcecode.swift; path = ViewController.swift; sourceTree = "<group>"; };
		464C9F9F2183EC9200EA67C6 /* Base */ = {isa = PBXFileReference; lastKnownFileType = file.storyboard; name = Base; path = Base.lproj/Main.storyboard; sourceTree = "<group>"; };
		464C9FA12183EC9400EA67C6 /* Assets.xcassets */ = {isa = PBXFileReference; lastKnownFileType = folder.assetcatalog; path = Assets.xcassets; sourceTree = "<group>"; };
		464C9FA42183EC9400EA67C6 /* Base */ = {isa = PBXFileReference; lastKnownFileType = file.storyboard; name = Base; path = Base.lproj/LaunchScreen.storyboard; sourceTree = "<group>"; };
		464C9FA62183EC9400EA67C6 /* Info.plist */ = {isa = PBXFileReference; lastKnownFileType = text.plist.xml; path = Info.plist; sourceTree = "<group>"; };
		464C9FAB2183EC9400EA67C6 /* FlashcardsTests.xctest */ = {isa = PBXFileReference; explicitFileType = wrapper.cfbundle; includeInIndex = 0; path = FlashcardsTests.xctest; sourceTree = BUILT_PRODUCTS_DIR; };
		464C9FAF2183EC9400EA67C6 /* FlashcardsTests.swift */ = {isa = PBXFileReference; lastKnownFileType = sourcecode.swift; path = FlashcardsTests.swift; sourceTree = "<group>"; };
		464C9FB12183EC9400EA67C6 /* Info.plist */ = {isa = PBXFileReference; lastKnownFileType = text.plist.xml; path = Info.plist; sourceTree = "<group>"; };
		464C9FB62183EC9400EA67C6 /* FlashcardsUITests.xctest */ = {isa = PBXFileReference; explicitFileType = wrapper.cfbundle; includeInIndex = 0; path = FlashcardsUITests.xctest; sourceTree = BUILT_PRODUCTS_DIR; };
		464C9FBA2183EC9400EA67C6 /* FlashcardsUITests.swift */ = {isa = PBXFileReference; lastKnownFileType = sourcecode.swift; path = FlashcardsUITests.swift; sourceTree = "<group>"; };
		464C9FBC2183EC9400EA67C6 /* Info.plist */ = {isa = PBXFileReference; lastKnownFileType = text.plist.xml; path = Info.plist; sourceTree = "<group>"; };
/* End PBXFileReference section */

/* Begin PBXFrameworksBuildPhase section */
		464C9F942183EC9200EA67C6 /* Frameworks */ = {
			isa = PBXFrameworksBuildPhase;
			buildActionMask = 2147483647;
			files = (
			);
			runOnlyForDeploymentPostprocessing = 0;
		};
		464C9FA82183EC9400EA67C6 /* Frameworks */ = {
			isa = PBXFrameworksBuildPhase;
			buildActionMask = 2147483647;
			files = (
			);
			runOnlyForDeploymentPostprocessing = 0;
		};
		464C9FB32183EC9400EA67C6 /* Frameworks */ = {
			isa = PBXFrameworksBuildPhase;
			buildActionMask = 2147483647;
			files = (
			);
			runOnlyForDeploymentPostprocessing = 0;
		};
/* End PBXFrameworksBuildPhase section */

/* Begin PBXGroup section */
		464C9F8E2183EC9200EA67C6 = {
			isa = PBXGroup;
			children = (
				464C9F992183EC9200EA67C6 /* Flashcards */,
				464C9FAE2183EC9400EA67C6 /* FlashcardsTests */,
				464C9FB92183EC9400EA67C6 /* FlashcardsUITests */,
				464C9F982183EC9200EA67C6 /* Products */,
			);
			sourceTree = "<group>";
		};
		464C9F982183EC9200EA67C6 /* Products */ = {
			isa = PBXGroup;
			children = (
				464C9F972183EC9200EA67C6 /* Flashcards.app */,
				464C9FAB2183EC9400EA67C6 /* FlashcardsTests.xctest */,
				464C9FB62183EC9400EA67C6 /* FlashcardsUITests.xctest */,
			);
			name = Products;
			sourceTree = "<group>";
		};
		464C9F992183EC9200EA67C6 /* Flashcards */ = {
			isa = PBXGroup;
			children = (
				464C9F9A2183EC9200EA67C6 /* AppDelegate.swift */,
				464C9F9C2183EC9200EA67C6 /* ViewController.swift */,
				464C9F9E2183EC9200EA67C6 /* Main.storyboard */,
				464C9FA12183EC9400EA67C6 /* Assets.xcassets */,
				464C9FA32183EC9400EA67C6 /* LaunchScreen.storyboard */,
				464C9FA62183EC9400EA67C6 /* Info.plist */,
			);
			path = Flashcards;
			sourceTree = "<group>";
		};
		464C9FAE2183EC9400EA67C6 /* FlashcardsTests */ = {
			isa = PBXGroup;
			children = (
				464C9FAF2183EC9400EA67C6 /* FlashcardsTests.swift */,
				464C9FB12183EC9400EA67C6 /* Info.plist */,
			);
			path = FlashcardsTests;
			sourceTree = "<group>";
		};
		464C9FB92183EC9400EA67C6 /* FlashcardsUITests */ = {
			isa = PBXGroup;
			children = (
				464C9FBA2183EC9400EA67C6 /* FlashcardsUITests.swift */,
				464C9FBC2183EC9400EA67C6 /* Info.plist */,
			);
			path = FlashcardsUITests;
			sourceTree = "<group>";
		};
/* End PBXGroup section */

/* Begin PBXNativeTarget section */
		464C9F962183EC9200EA67C6 /* Flashcards */ = {
			isa = PBXNativeTarget;
			buildConfigurationList = 464C9FBF2183EC9400EA67C6 /* Build configuration list for PBXNativeTarget "Flashcards" */;
			buildPhases = (
				464C9F932183EC9200EA67C6 /* Sources */,
				464C9F942183EC9200EA67C6 /* Frameworks */,
				464C9F952183EC9200EA67C6 /* Resources */,
			);
			buildRules = (
			);
			dependencies = (
			);
			name = Flashcards;
			productName = Flashcards;
			productReference = 464C9F972183EC9200EA67C6 /* Flashcards.app */;
			productType = "com.apple.product-type.application";
		};
		464C9FAA2183EC9400EA67C6 /* FlashcardsTests */ = {
			isa = PBXNativeTarget;
			buildConfigurationList = 464C9FC22183EC9400EA67C6 /* Build configuration list for PBXNativeTarget "FlashcardsTests" */;
			buildPhases = (
				464C9FA72183EC9400EA67C6 /* Sources */,
				464C9FA82183EC9400EA67C6 /* Frameworks */,
				464C9FA92183EC9400EA67C6 /* Resources */,
			);
			buildRules = (
			);
			dependencies = (
				464C9FAD2183EC9400EA67C6 /* PBXTargetDependency */,
			);
			name = FlashcardsTests;
			productName = FlashcardsTests;
			productReference = 464C9FAB2183EC9400EA67C6 /* FlashcardsTests.xctest */;
			productType = "com.apple.product-type.bundle.unit-test";
		};
		464C9FB52183EC9400EA67C6 /* FlashcardsUITests */ = {
			isa = PBXNativeTarget;
			buildConfigurationList = 464C9FC52183EC9400EA67C6 /* Build configuration list for PBXNativeTarget "FlashcardsUITests" */;
			buildPhases = (
				464C9FB22183EC9400EA67C6 /* Sources */,
				464C9FB32183EC9400EA67C6 /* Frameworks */,
				464C9FB42183EC9400EA67C6 /* Resources */,
			);
			buildRules = (
			);
			dependencies = (
				464C9FB82183EC9400EA67C6 /* PBXTargetDependency */,
			);
			name = FlashcardsUITests;
			productName = FlashcardsUITests;
			productReference = 464C9FB62183EC9400EA67C6 /* FlashcardsUITests.xctest */;
			productType = "com.apple.product-type.bundle.ui-testing";
		};
/* End PBXNativeTarget section */

/* Begin PBXProject section */
		464C9F8F2183EC9200EA67C6 /* Project object */ = {
			isa = PBXProject;
			attributes = {
				LastSwiftUpdateCheck = 1000;
				LastUpgradeCheck = 1000;
				ORGANIZATIONNAME = "Cora Yichen Xing";
				TargetAttributes = {
					464C9F962183EC9200EA67C6 = {
						CreatedOnToolsVersion = 10.0;
					};
					464C9FAA2183EC9400EA67C6 = {
						CreatedOnToolsVersion = 10.0;
						TestTargetID = 464C9F962183EC9200EA67C6;
					};
					464C9FB52183EC9400EA67C6 = {
						CreatedOnToolsVersion = 10.0;
						TestTargetID = 464C9F962183EC9200EA67C6;
					};
				};
			};
			buildConfigurationList = 464C9F922183EC9200EA67C6 /* Build configuration list for PBXProject "Flashcards" */;
			compatibilityVersion = "Xcode 9.3";
			developmentRegion = en;
			hasScannedForEncodings = 0;
			knownRegions = (
				en,
				Base,
			);
			mainGroup = 464C9F8E2183EC9200EA67C6;
			productRefGroup = 464C9F982183EC9200EA67C6 /* Products */;
			projectDirPath = "";
			projectRoot = "";
			targets = (
				464C9F962183EC9200EA67C6 /* Flashcards */,
				464C9FAA2183EC9400EA67C6 /* FlashcardsTests */,
				464C9FB52183EC9400EA67C6 /* FlashcardsUITests */,
			);
		};
/* End PBXProject section */

/* Begin PBXResourcesBuildPhase section */
		464C9F952183EC9200EA67C6 /* Resources */ = {
			isa = PBXResourcesBuildPhase;
			buildActionMask = 2147483647;
			files = (
				464C9FA52183EC9400EA67C6 /* LaunchScreen.storyboard in Resources */,
				464C9FA22183EC9400EA67C6 /* Assets.xcassets in Resources */,
				464C9FA02183EC9200EA67C6 /* Main.storyboard in Resources */,
			);
			runOnlyForDeploymentPostprocessing = 0;
		};
		464C9FA92183EC9400EA67C6 /* Resources */ = {
			isa = PBXResourcesBuildPhase;
			buildActionMask = 2147483647;
			files = (
			);
			runOnlyForDeploymentPostprocessing = 0;
		};
		464C9FB42183EC9400EA67C6 /* Resources */ = {
			isa = PBXResourcesBuildPhase;
			buildActionMask = 2147483647;
			files = (
			);
			runOnlyForDeploymentPostprocessing = 0;
		};
/* End PBXResourcesBuildPhase section */

/* Begin PBXSourcesBuildPhase section */
		464C9F932183EC9200EA67C6 /* Sources */ = {
			isa = PBXSourcesBuildPhase;
			buildActionMask = 2147483647;
			files = (
				464C9F9D2183EC9200EA67C6 /* ViewController.swift in Sources */,
				464C9F9B2183EC9200EA67C6 /* AppDelegate.swift in Sources */,
			);
			runOnlyForDeploymentPostprocessing = 0;
		};
		464C9FA72183EC9400EA67C6 /* Sources */ = {
			isa = PBXSourcesBuildPhase;
			buildActionMask = 2147483647;
			files = (
				464C9FB02183EC9400EA67C6 /* FlashcardsTests.swift in Sources */,
			);
			runOnlyForDeploymentPostprocessing = 0;
		};
		464C9FB22183EC9400EA67C6 /* Sources */ = {
			isa = PBXSourcesBuildPhase;
			buildActionMask = 2147483647;
			files = (
				464C9FBB2183EC9400EA67C6 /* FlashcardsUITests.swift in Sources */,
			);
			runOnlyForDeploymentPostprocessing = 0;
		};
/* End PBXSourcesBuildPhase section */

/* Begin PBXTargetDependency section */
		464C9FAD2183EC9400EA67C6 /* PBXTargetDependency */ = {
			isa = PBXTargetDependency;
			target = 464C9F962183EC9200EA67C6 /* Flashcards */;
			targetProxy = 464C9FAC2183EC9400EA67C6 /* PBXContainerItemProxy */;
		};
		464C9FB82183EC9400EA67C6 /* PBXTargetDependency */ = {
			isa = PBXTargetDependency;
			target = 464C9F962183EC9200EA67C6 /* Flashcards */;
			targetProxy = 464C9FB72183EC9400EA67C6 /* PBXContainerItemProxy */;
		};
/* End PBXTargetDependency section */

/* Begin PBXVariantGroup section */
		464C9F9E2183EC9200EA67C6 /* Main.storyboard */ = {
			isa = PBXVariantGroup;
			children = (
				464C9F9F2183EC9200EA67C6 /* Base */,
			);
			name = Main.storyboard;
			sourceTree = "<group>";
		};
		464C9FA32183EC9400EA67C6 /* LaunchScreen.storyboard */ = {
			isa = PBXVariantGroup;
			children = (
				464C9FA42183EC9400EA67C6 /* Base */,
			);
			name = LaunchScreen.storyboard;
			sourceTree = "<group>";
		};
/* End PBXVariantGroup section */

/* Begin XCBuildConfiguration section */
		464C9FBD2183EC9400EA67C6 /* Debug */ = {
			isa = XCBuildConfiguration;
			buildSettings = {
				ALWAYS_SEARCH_USER_PATHS = NO;
				CLANG_ANALYZER_NONNULL = YES;
				CLANG_ANALYZER_NUMBER_OBJECT_CONVERSION = YES_AGGRESSIVE;
				CLANG_CXX_LANGUAGE_STANDARD = "gnu++14";
				CLANG_CXX_LIBRARY = "libc++";
				CLANG_ENABLE_MODULES = YES;
				CLANG_ENABLE_OBJC_ARC = YES;
				CLANG_ENABLE_OBJC_WEAK = YES;
				CLANG_WARN_BLOCK_CAPTURE_AUTORELEASING = YES;
				CLANG_WARN_BOOL_CONVERSION = YES;
				CLANG_WARN_COMMA = YES;
				CLANG_WARN_CONSTANT_CONVERSION = YES;
				CLANG_WARN_DEPRECATED_OBJC_IMPLEMENTATIONS = YES;
				CLANG_WARN_DIRECT_OBJC_ISA_USAGE = YES_ERROR;
				CLANG_WARN_DOCUMENTATION_COMMENTS = YES;
				CLANG_WARN_EMPTY_BODY = YES;
				CLANG_WARN_ENUM_CONVERSION = YES;
				CLANG_WARN_INFINITE_RECURSION = YES;
				CLANG_WARN_INT_CONVERSION = YES;
				CLANG_WARN_NON_LITERAL_NULL_CONVERSION = YES;
				CLANG_WARN_OBJC_IMPLICIT_RETAIN_SELF = YES;
				CLANG_WARN_OBJC_LITERAL_CONVERSION = YES;
				CLANG_WARN_OBJC_ROOT_CLASS = YES_ERROR;
				CLANG_WARN_RANGE_LOOP_ANALYSIS = YES;
				CLANG_WARN_STRICT_PROTOTYPES = YES;
				CLANG_WARN_SUSPICIOUS_MOVE = YES;
				CLANG_WARN_UNGUARDED_AVAILABILITY = YES_AGGRESSIVE;
				CLANG_WARN_UNREACHABLE_CODE = YES;
				CLANG_WARN__DUPLICATE_METHOD_MATCH = YES;
				CODE_SIGN_IDENTITY = "iPhone Developer";
				COPY_PHASE_STRIP = NO;
				DEBUG_INFORMATION_FORMAT = dwarf;
				ENABLE_STRICT_OBJC_MSGSEND = YES;
				ENABLE_TESTABILITY = YES;
				GCC_C_LANGUAGE_STANDARD = gnu11;
				GCC_DYNAMIC_NO_PIC = NO;
				GCC_NO_COMMON_BLOCKS = YES;
				GCC_OPTIMIZATION_LEVEL = 0;
				GCC_PREPROCESSOR_DEFINITIONS = (
					"DEBUG=1",
					"$(inherited)",
				);
				GCC_WARN_64_TO_32_BIT_CONVERSION = YES;
				GCC_WARN_ABOUT_RETURN_TYPE = YES_ERROR;
				GCC_WARN_UNDECLARED_SELECTOR = YES;
				GCC_WARN_UNINITIALIZED_AUTOS = YES_AGGRESSIVE;
				GCC_WARN_UNUSED_FUNCTION = YES;
				GCC_WARN_UNUSED_VARIABLE = YES;
				IPHONEOS_DEPLOYMENT_TARGET = 12.0;
				MTL_ENABLE_DEBUG_INFO = INCLUDE_SOURCE;
				MTL_FAST_MATH = YES;
				ONLY_ACTIVE_ARCH = YES;
				SDKROOT = iphoneos;
				SWIFT_ACTIVE_COMPILATION_CONDITIONS = DEBUG;
				SWIFT_OPTIMIZATION_LEVEL = "-Onone";
			};
			name = Debug;
		};
		464C9FBE2183EC9400EA67C6 /* Release */ = {
			isa = XCBuildConfiguration;
			buildSettings = {
				ALWAYS_SEARCH_USER_PATHS = NO;
				CLANG_ANALYZER_NONNULL = YES;
				CLANG_ANALYZER_NUMBER_OBJECT_CONVERSION = YES_AGGRESSIVE;
				CLANG_CXX_LANGUAGE_STANDARD = "gnu++14";
				CLANG_CXX_LIBRARY = "libc++";
				CLANG_ENABLE_MODULES = YES;
				CLANG_ENABLE_OBJC_ARC = YES;
				CLANG_ENABLE_OBJC_WEAK = YES;
				CLANG_WARN_BLOCK_CAPTURE_AUTORELEASING = YES;
				CLANG_WARN_BOOL_CONVERSION = YES;
				CLANG_WARN_COMMA = YES;
				CLANG_WARN_CONSTANT_CONVERSION = YES;
				CLANG_WARN_DEPRECATED_OBJC_IMPLEMENTATIONS = YES;
				CLANG_WARN_DIRECT_OBJC_ISA_USAGE = YES_ERROR;
				CLANG_WARN_DOCUMENTATION_COMMENTS = YES;
				CLANG_WARN_EMPTY_BODY = YES;
				CLANG_WARN_ENUM_CONVERSION = YES;
				CLANG_WARN_INFINITE_RECURSION = YES;
				CLANG_WARN_INT_CONVERSION = YES;
				CLANG_WARN_NON_LITERAL_NULL_CONVERSION = YES;
				CLANG_WARN_OBJC_IMPLICIT_RETAIN_SELF = YES;
				CLANG_WARN_OBJC_LITERAL_CONVERSION = YES;
				CLANG_WARN_OBJC_ROOT_CLASS = YES_ERROR;
				CLANG_WARN_RANGE_LOOP_ANALYSIS = YES;
				CLANG_WARN_STRICT_PROTOTYPES = YES;
				CLANG_WARN_SUSPICIOUS_MOVE = YES;
				CLANG_WARN_UNGUARDED_AVAILABILITY = YES_AGGRESSIVE;
				CLANG_WARN_UNREACHABLE_CODE = YES;
				CLANG_WARN__DUPLICATE_METHOD_MATCH = YES;
				CODE_SIGN_IDENTITY = "iPhone Developer";
				COPY_PHASE_STRIP = NO;
				DEBUG_INFORMATION_FORMAT = "dwarf-with-dsym";
				ENABLE_NS_ASSERTIONS = NO;
				ENABLE_STRICT_OBJC_MSGSEND = YES;
				GCC_C_LANGUAGE_STANDARD = gnu11;
				GCC_NO_COMMON_BLOCKS = YES;
				GCC_WARN_64_TO_32_BIT_CONVERSION = YES;
				GCC_WARN_ABOUT_RETURN_TYPE = YES_ERROR;
				GCC_WARN_UNDECLARED_SELECTOR = YES;
				GCC_WARN_UNINITIALIZED_AUTOS = YES_AGGRESSIVE;
				GCC_WARN_UNUSED_FUNCTION = YES;
				GCC_WARN_UNUSED_VARIABLE = YES;
				IPHONEOS_DEPLOYMENT_TARGET = 12.0;
				MTL_ENABLE_DEBUG_INFO = NO;
				MTL_FAST_MATH = YES;
				SDKROOT = iphoneos;
				SWIFT_COMPILATION_MODE = wholemodule;
				SWIFT_OPTIMIZATION_LEVEL = "-O";
				VALIDATE_PRODUCT = YES;
			};
			name = Release;
		};
		464C9FC02183EC9400EA67C6 /* Debug */ = {
			isa = XCBuildConfiguration;
			buildSettings = {
				ASSETCATALOG_COMPILER_APPICON_NAME = AppIcon;
				CODE_SIGN_STYLE = Automatic;
				INFOPLIST_FILE = Flashcards/Info.plist;
				LD_RUNPATH_SEARCH_PATHS = (
					"$(inherited)",
					"@executable_path/Frameworks",
				);
				PRODUCT_BUNDLE_IDENTIFIER = com.coraxyc.Flashcards;
				PRODUCT_NAME = "$(TARGET_NAME)";
				SWIFT_VERSION = 4.2;
				TARGETED_DEVICE_FAMILY = "1,2";
			};
			name = Debug;
		};
		464C9FC12183EC9400EA67C6 /* Release */ = {
			isa = XCBuildConfiguration;
			buildSettings = {
				ASSETCATALOG_COMPILER_APPICON_NAME = AppIcon;
				CODE_SIGN_STYLE = Automatic;
				INFOPLIST_FILE = Flashcards/Info.plist;
				LD_RUNPATH_SEARCH_PATHS = (
					"$(inherited)",
					"@executable_path/Frameworks",
				);
				PRODUCT_BUNDLE_IDENTIFIER = com.coraxyc.Flashcards;
				PRODUCT_NAME = "$(TARGET_NAME)";
				SWIFT_VERSION = 4.2;
				TARGETED_DEVICE_FAMILY = "1,2";
			};
			name = Release;
		};
		464C9FC32183EC9400EA67C6 /* Debug */ = {
			isa = XCBuildConfiguration;
			buildSettings = {
				ALWAYS_EMBED_SWIFT_STANDARD_LIBRARIES = YES;
				BUNDLE_LOADER = "$(TEST_HOST)";
				CODE_SIGN_STYLE = Automatic;
				INFOPLIST_FILE = FlashcardsTests/Info.plist;
				LD_RUNPATH_SEARCH_PATHS = (
					"$(inherited)",
					"@executable_path/Frameworks",
					"@loader_path/Frameworks",
				);
				PRODUCT_BUNDLE_IDENTIFIER = com.coraxyc.FlashcardsTests;
				PRODUCT_NAME = "$(TARGET_NAME)";
				SWIFT_VERSION = 4.2;
				TARGETED_DEVICE_FAMILY = "1,2";
				TEST_HOST = "$(BUILT_PRODUCTS_DIR)/Flashcards.app/Flashcards";
			};
			name = Debug;
		};
		464C9FC42183EC9400EA67C6 /* Release */ = {
			isa = XCBuildConfiguration;
			buildSettings = {
				ALWAYS_EMBED_SWIFT_STANDARD_LIBRARIES = YES;
				BUNDLE_LOADER = "$(TEST_HOST)";
				CODE_SIGN_STYLE = Automatic;
				INFOPLIST_FILE = FlashcardsTests/Info.plist;
				LD_RUNPATH_SEARCH_PATHS = (
					"$(inherited)",
					"@executable_path/Frameworks",
					"@loader_path/Frameworks",
				);
				PRODUCT_BUNDLE_IDENTIFIER = com.coraxyc.FlashcardsTests;
				PRODUCT_NAME = "$(TARGET_NAME)";
				SWIFT_VERSION = 4.2;
				TARGETED_DEVICE_FAMILY = "1,2";
				TEST_HOST = "$(BUILT_PRODUCTS_DIR)/Flashcards.app/Flashcards";
			};
			name = Release;
		};
		464C9FC62183EC9400EA67C6 /* Debug */ = {
			isa = XCBuildConfiguration;
			buildSettings = {
				ALWAYS_EMBED_SWIFT_STANDARD_LIBRARIES = YES;
				CODE_SIGN_STYLE = Automatic;
				INFOPLIST_FILE = FlashcardsUITests/Info.plist;
				LD_RUNPATH_SEARCH_PATHS = (
					"$(inherited)",
					"@executable_path/Frameworks",
					"@loader_path/Frameworks",
				);
				PRODUCT_BUNDLE_IDENTIFIER = com.coraxyc.FlashcardsUITests;
				PRODUCT_NAME = "$(TARGET_NAME)";
				SWIFT_VERSION = 4.2;
				TARGETED_DEVICE_FAMILY = "1,2";
				TEST_TARGET_NAME = Flashcards;
			};
			name = Debug;
		};
		464C9FC72183EC9400EA67C6 /* Release */ = {
			isa = XCBuildConfiguration;
			buildSettings = {
				ALWAYS_EMBED_SWIFT_STANDARD_LIBRARIES = YES;
				CODE_SIGN_STYLE = Automatic;
				INFOPLIST_FILE = FlashcardsUITests/Info.plist;
				LD_RUNPATH_SEARCH_PATHS = (
					"$(inherited)",
					"@executable_path/Frameworks",
					"@loader_path/Frameworks",
				);
				PRODUCT_BUNDLE_IDENTIFIER = com.coraxyc.FlashcardsUITests;
				PRODUCT_NAME = "$(TARGET_NAME)";
				SWIFT_VERSION = 4.2;
				TARGETED_DEVICE_FAMILY = "1,2";
				TEST_TARGET_NAME = Flashcards;
			};
			name = Release;
		};
/* End XCBuildConfiguration section */

/* Begin XCConfigurationList section */
		464C9F922183EC9200EA67C6 /* Build configuration list for PBXProject "Flashcards" */ = {
			isa = XCConfigurationList;
			buildConfigurations = (
				464C9FBD2183EC9400EA67C6 /* Debug */,
				464C9FBE2183EC9400EA67C6 /* Release */,
			);
			defaultConfigurationIsVisible = 0;
			defaultConfigurationName = Release;
		};
		464C9FBF2183EC9400EA67C6 /* Build configuration list for PBXNativeTarget "Flashcards" */ = {
			isa = XCConfigurationList;
			buildConfigurations = (
				464C9FC02183EC9400EA67C6 /* Debug */,
				464C9FC12183EC9400EA67C6 /* Release */,
			);
			defaultConfigurationIsVisible = 0;
			defaultConfigurationName = Release;
		};
		464C9FC22183EC9400EA67C6 /* Build configuration list for PBXNativeTarget "FlashcardsTests" */ = {
			isa = XCConfigurationList;
			buildConfigurations = (
				464C9FC32183EC9400EA67C6 /* Debug */,
				464C9FC42183EC9400EA67C6 /* Release */,
			);
			defaultConfigurationIsVisible = 0;
			defaultConfigurationName = Release;
		};
		464C9FC52183EC9400EA67C6 /* Build configuration list for PBXNativeTarget "FlashcardsUITests" */ = {
			isa = XCConfigurationList;
			buildConfigurations = (
				464C9FC62183EC9400EA67C6 /* Debug */,
				464C9FC72183EC9400EA67C6 /* Release */,
			);
			defaultConfigurationIsVisible = 0;
			defaultConfigurationName = Release;
		};
/* End XCConfigurationList section */
	};
	rootObject = 464C9F8F2183EC9200EA67C6 /* Project object */;
}
